
Microsoft Visual Studio Solution File, Format Version 12.00
# Visual Studio 2012
Project("{FAE04EC0-301F-11D3-BF4B-00C04F79EFBC}") = "BLL", "BLL\BLL.csproj", "{F4AA7F3E-D55A-415A-8500-67DC39F9DF8D}"
EndProject
Project("{FAE04EC0-301F-11D3-BF4B-00C04F79EFBC}") = "Models", "Models\Models.csproj", "{6BD913A6-D8D7-45C8-9923-03547F4D21C7}"
EndProject
Project("{FAE04EC0-301F-11D3-BF4B-00C04F79EFBC}") = "Core", "Core\Core.csproj", "{8EC7BA75-4F58-4AB6-9155-5C45C5AB052C}"
EndProject
Project("{FAE04EC0-301F-11D3-BF4B-00C04F79EFBC}") = "UnitTest", "UnitTest\UnitTest.csproj", "{D836007E-5FA0-4665-92D5-820724A43BCA}"
EndProject
Project("{FAE04EC0-301F-11D3-BF4B-00C04F79EFBC}") = "Controller", "Controller\Controller.csproj", "{54EC9A5E-85BC-412C-9C5D-B6EA9C7AD275}"
EndProject
Project("{FAE04EC0-301F-11D3-BF4B-00C04F79EFBC}") = "Utilities", "Utilities\Utilities.csproj", "{1E187A73-30AC-4544-B9E0-67F1E9D0632E}"
EndProject
Project("{FAE04EC0-301F-11D3-BF4B-00C04F79EFBC}") = "ViewServer", "ViewServer\ViewServer.csproj", "{792F18C5-1201-44E1-9A83-E61176437580}"
EndProject
Project("{FAE04EC0-301F-11D3-BF4B-00C04F79EFBC}") = "ViewStation", "ViewPick\ViewStation.csproj", "{A9C7FE64-7CB7-42DF-9C14-E625EE722713}"
EndProject
Project("{FAE04EC0-301F-11D3-BF4B-00C04F79EFBC}") = "ViewDevice", "ViewDevice\ViewDevice.csproj", "{949B53D7-5DB6-4469-836C-B0EA68962918}"
EndProject
Global
	GlobalSection(SolutionConfigurationPlatforms) = preSolution
		Debug|Any CPU = Debug|Any CPU
		Release|Any CPU = Release|Any CPU
	EndGlobalSection
	GlobalSection(ProjectConfigurationPlatforms) = postSolution
		{F4AA7F3E-D55A-415A-8500-67DC39F9DF8D}.Debug|Any CPU.ActiveCfg = Debug|Any CPU
		{F4AA7F3E-D55A-415A-8500-67DC39F9DF8D}.Debug|Any CPU.Build.0 = Debug|Any CPU
		{F4AA7F3E-D55A-415A-8500-67DC39F9DF8D}.Release|Any CPU.ActiveCfg = Release|Any CPU
		{F4AA7F3E-D55A-415A-8500-67DC39F9DF8D}.Release|Any CPU.Build.0 = Release|Any CPU
		{6BD913A6-D8D7-45C8-9923-03547F4D21C7}.Debug|Any CPU.ActiveCfg = Debug|Any CPU
		{6BD913A6-D8D7-45C8-9923-03547F4D21C7}.Debug|Any CPU.Build.0 = Debug|Any CPU
		{6BD913A6-D8D7-45C8-9923-03547F4D21C7}.Release|Any CPU.ActiveCfg = Release|Any CPU
		{6BD913A6-D8D7-45C8-9923-03547F4D21C7}.Release|Any CPU.Build.0 = Release|Any CPU
		{8EC7BA75-4F58-4AB6-9155-5C45C5AB052C}.Debug|Any CPU.ActiveCfg = Debug|Any CPU
		{8EC7BA75-4F58-4AB6-9155-5C45C5AB052C}.Debug|Any CPU.Build.0 = Debug|Any CPU
		{8EC7BA75-4F58-4AB6-9155-5C45C5AB052C}.Release|Any CPU.ActiveCfg = Release|Any CPU
		{8EC7BA75-4F58-4AB6-9155-5C45C5AB052C}.Release|Any CPU.Build.0 = Release|Any CPU
		{D836007E-5FA0-4665-92D5-820724A43BCA}.Debug|Any CPU.ActiveCfg = Debug|Any CPU
		{D836007E-5FA0-4665-92D5-820724A43BCA}.Debug|Any CPU.Build.0 = Debug|Any CPU
		{D836007E-5FA0-4665-92D5-820724A43BCA}.Release|Any CPU.ActiveCfg = Release|Any CPU
		{D836007E-5FA0-4665-92D5-820724A43BCA}.Release|Any CPU.Build.0 = Release|Any CPU
		{54EC9A5E-85BC-412C-9C5D-B6EA9C7AD275}.Debug|Any CPU.ActiveCfg = Debug|Any CPU
		{54EC9A5E-85BC-412C-9C5D-B6EA9C7AD275}.Debug|Any CPU.Build.0 = Debug|Any CPU
		{54EC9A5E-85BC-412C-9C5D-B6EA9C7AD275}.Release|Any CPU.ActiveCfg = Release|Any CPU
		{54EC9A5E-85BC-412C-9C5D-B6EA9C7AD275}.Release|Any CPU.Build.0 = Release|Any CPU
		{1E187A73-30AC-4544-B9E0-67F1E9D0632E}.Debug|Any CPU.ActiveCfg = Debug|Any CPU
		{1E187A73-30AC-4544-B9E0-67F1E9D0632E}.Debug|Any CPU.Build.0 = Debug|Any CPU
		{1E187A73-30AC-4544-B9E0-67F1E9D0632E}.Release|Any CPU.ActiveCfg = Release|Any CPU
		{1E187A73-30AC-4544-B9E0-67F1E9D0632E}.Release|Any CPU.Build.0 = Release|Any CPU
		{792F18C5-1201-44E1-9A83-E61176437580}.Debug|Any CPU.ActiveCfg = Debug|Any CPU
		{792F18C5-1201-44E1-9A83-E61176437580}.Debug|Any CPU.Build.0 = Debug|Any CPU
		{792F18C5-1201-44E1-9A83-E61176437580}.Release|Any CPU.ActiveCfg = Release|Any CPU
		{792F18C5-1201-44E1-9A83-E61176437580}.Release|Any CPU.Build.0 = Release|Any CPU
		{A9C7FE64-7CB7-42DF-9C14-E625EE722713}.Debug|Any CPU.ActiveCfg = Debug|Any CPU
		{A9C7FE64-7CB7-42DF-9C14-E625EE722713}.Debug|Any CPU.Build.0 = Debug|Any CPU
		{A9C7FE64-7CB7-42DF-9C14-E625EE722713}.Release|Any CPU.ActiveCfg = Release|Any CPU
		{A9C7FE64-7CB7-42DF-9C14-E625EE722713}.Release|Any CPU.Build.0 = Release|Any CPU
		{949B53D7-5DB6-4469-836C-B0EA68962918}.Debug|Any CPU.ActiveCfg = Debug|Any CPU
		{949B53D7-5DB6-4469-836C-B0EA68962918}.Debug|Any CPU.Build.0 = Debug|Any CPU
		{949B53D7-5DB6-4469-836C-B0EA68962918}.Release|Any CPU.ActiveCfg = Release|Any CPU
		{949B53D7-5DB6-4469-836C-B0EA68962918}.Release|Any CPU.Build.0 = Release|Any CPU
	EndGlobalSection
	GlobalSection(SolutionProperties) = preSolution
		HideSolutionNode = FALSE
	EndGlobalSection
EndGlobal
